
Microsoft Visual Studio Solution File, Format Version 12.00
# Visual Studio Version 16
VisualStudioVersion = 16.0.29806.167
MinimumVisualStudioVersion = 10.0.40219.1
Project("{FAE04EC0-301F-11D3-BF4B-00C04F79EFBC}") = "NotEnoughEncodes", "NotEnoughEncodes\NotEnoughEncodes.csproj", "{0B60BBF6-45AD-4423-822D-583871FCBE7F}"
EndProject
Global
	GlobalSection(SolutionConfigurationPlatforms) = preSolution
		Debug|Any CPU = Debug|Any CPU
		Release|Any CPU = Release|Any CPU
	EndGlobalSection
	GlobalSection(ProjectConfigurationPlatforms) = postSolution
		{0B60BBF6-45AD-4423-822D-583871FCBE7F}.Debug|Any CPU.ActiveCfg = Debug|Any CPU
		{0B60BBF6-45AD-4423-822D-583871FCBE7F}.Debug|Any CPU.Build.0 = Debug|Any CPU
		{0B60BBF6-45AD-4423-822D-583871FCBE7F}.Release|Any CPU.ActiveCfg = Release|Any CPU
		{0B60BBF6-45AD-4423-822D-583871FCBE7F}.Release|Any CPU.Build.0 = Release|Any CPU
	EndGlobalSection
	GlobalSection(SolutionProperties) = preSolution
		HideSolutionNode = FALSE
	EndGlobalSection
	GlobalSection(ExtensibilityGlobals) = postSolution
		SolutionGuid = {1588E99E-7DDB-403A-80D6-6838BE2FFE98}
	EndGlobalSection
EndGlobal
